
Microsoft Visual Studio Solution File, Format Version 12.00
# Visual Studio Version 17
VisualStudioVersion = 17.8.34330.188
MinimumVisualStudioVersion = 10.0.40219.1
Project("{FAE04EC0-301F-11D3-BF4B-00C04F79EFBC}") = "Server", "Server\Server.csproj", "{2AFEC34C-ED79-4E2F-9A45-70C9DEB4F918}"
EndProject
Project("{FAE04EC0-301F-11D3-BF4B-00C04F79EFBC}") = "Client", "Client\Client.csproj", "{8D51E3F6-1006-46CF-A1AC-023445B6F9EC}"
EndProject
Project("{FAE04EC0-301F-11D3-BF4B-00C04F79EFBC}") = "BaseLibrary", "BaseLibrary\BaseLibrary.csproj", "{0B718EE3-C308-4B4C-A24D-E277C3557968}"
EndProject
Project("{FAE04EC0-301F-11D3-BF4B-00C04F79EFBC}") = "ServerLibrary", "ServerLibrary\ServerLibrary.csproj", "{84ED3021-DD70-425F-BD13-7AC24A8552C2}"
EndProject
Project("{FAE04EC0-301F-11D3-BF4B-00C04F79EFBC}") = "ClientLibrary", "ClientLibrary\ClientLibrary.csproj", "{721201A0-4AF1-44D0-9C90-48B1D7D0329E}"
EndProject
Global
	GlobalSection(SolutionConfigurationPlatforms) = preSolution
		Debug|Any CPU = Debug|Any CPU
		Release|Any CPU = Release|Any CPU
	EndGlobalSection
	GlobalSection(ProjectConfigurationPlatforms) = postSolution
		{2AFEC34C-ED79-4E2F-9A45-70C9DEB4F918}.Debug|Any CPU.ActiveCfg = Debug|Any CPU
		{2AFEC34C-ED79-4E2F-9A45-70C9DEB4F918}.Debug|Any CPU.Build.0 = Debug|Any CPU
		{2AFEC34C-ED79-4E2F-9A45-70C9DEB4F918}.Release|Any CPU.ActiveCfg = Release|Any CPU
		{2AFEC34C-ED79-4E2F-9A45-70C9DEB4F918}.Release|Any CPU.Build.0 = Release|Any CPU
		{8D51E3F6-1006-46CF-A1AC-023445B6F9EC}.Debug|Any CPU.ActiveCfg = Debug|Any CPU
		{8D51E3F6-1006-46CF-A1AC-023445B6F9EC}.Debug|Any CPU.Build.0 = Debug|Any CPU
		{8D51E3F6-1006-46CF-A1AC-023445B6F9EC}.Release|Any CPU.ActiveCfg = Release|Any CPU
		{8D51E3F6-1006-46CF-A1AC-023445B6F9EC}.Release|Any CPU.Build.0 = Release|Any CPU
		{0B718EE3-C308-4B4C-A24D-E277C3557968}.Debug|Any CPU.ActiveCfg = Debug|Any CPU
		{0B718EE3-C308-4B4C-A24D-E277C3557968}.Debug|Any CPU.Build.0 = Debug|Any CPU
		{0B718EE3-C308-4B4C-A24D-E277C3557968}.Release|Any CPU.ActiveCfg = Release|Any CPU
		{0B718EE3-C308-4B4C-A24D-E277C3557968}.Release|Any CPU.Build.0 = Release|Any CPU
		{84ED3021-DD70-425F-BD13-7AC24A8552C2}.Debug|Any CPU.ActiveCfg = Debug|Any CPU
		{84ED3021-DD70-425F-BD13-7AC24A8552C2}.Debug|Any CPU.Build.0 = Debug|Any CPU
		{84ED3021-DD70-425F-BD13-7AC24A8552C2}.Release|Any CPU.ActiveCfg = Release|Any CPU
		{84ED3021-DD70-425F-BD13-7AC24A8552C2}.Release|Any CPU.Build.0 = Release|Any CPU
		{721201A0-4AF1-44D0-9C90-48B1D7D0329E}.Debug|Any CPU.ActiveCfg = Debug|Any CPU
		{721201A0-4AF1-44D0-9C90-48B1D7D0329E}.Debug|Any CPU.Build.0 = Debug|Any CPU
		{721201A0-4AF1-44D0-9C90-48B1D7D0329E}.Release|Any CPU.ActiveCfg = Release|Any CPU
		{721201A0-4AF1-44D0-9C90-48B1D7D0329E}.Release|Any CPU.Build.0 = Release|Any CPU
	EndGlobalSection
	GlobalSection(SolutionProperties) = preSolution
		HideSolutionNode = FALSE
	EndGlobalSection
	GlobalSection(ExtensibilityGlobals) = postSolution
		SolutionGuid = {D8F21949-6E1A-4E57-AE2D-442D51680342}
	EndGlobalSection
EndGlobal
